
Microsoft Visual Studio Solution File, Format Version 12.00
# Visual Studio Version 17
VisualStudioVersion = 17.0.32112.339
MinimumVisualStudioVersion = 10.0.40219.1
Project("{FAE04EC0-301F-11D3-BF4B-00C04F79EFBC}") = "Secuencial", "Secuencial\Secuencial.csproj", "{D0224916-24CE-4700-A442-E6A8EF2D009E}"
EndProject
Global
	GlobalSection(SolutionConfigurationPlatforms) = preSolution
		Debug|Any CPU = Debug|Any CPU
		Release|Any CPU = Release|Any CPU
	EndGlobalSection
	GlobalSection(ProjectConfigurationPlatforms) = postSolution
		{D0224916-24CE-4700-A442-E6A8EF2D009E}.Debug|Any CPU.ActiveCfg = Debug|Any CPU
		{D0224916-24CE-4700-A442-E6A8EF2D009E}.Debug|Any CPU.Build.0 = Debug|Any CPU
		{D0224916-24CE-4700-A442-E6A8EF2D009E}.Release|Any CPU.ActiveCfg = Release|Any CPU
		{D0224916-24CE-4700-A442-E6A8EF2D009E}.Release|Any CPU.Build.0 = Release|Any CPU
	EndGlobalSection
	GlobalSection(SolutionProperties) = preSolution
		HideSolutionNode = FALSE
	EndGlobalSection
	GlobalSection(ExtensibilityGlobals) = postSolution
		SolutionGuid = {ECAFC0E1-96A9-4B6B-B56D-28EF3D5F9E58}
	EndGlobalSection
EndGlobal
