
Microsoft Visual Studio Solution File, Format Version 12.00
# Visual Studio Version 17
VisualStudioVersion = 17.0.32112.339
MinimumVisualStudioVersion = 10.0.40219.1
Project("{FAE04EC0-301F-11D3-BF4B-00C04F79EFBC}") = "Binaria", "Binaria\Binaria.csproj", "{D14414F7-BC49-4972-BD6C-94E4530EA4F0}"
EndProject
Global
	GlobalSection(SolutionConfigurationPlatforms) = preSolution
		Debug|Any CPU = Debug|Any CPU
		Release|Any CPU = Release|Any CPU
	EndGlobalSection
	GlobalSection(ProjectConfigurationPlatforms) = postSolution
		{D14414F7-BC49-4972-BD6C-94E4530EA4F0}.Debug|Any CPU.ActiveCfg = Debug|Any CPU
		{D14414F7-BC49-4972-BD6C-94E4530EA4F0}.Debug|Any CPU.Build.0 = Debug|Any CPU
		{D14414F7-BC49-4972-BD6C-94E4530EA4F0}.Release|Any CPU.ActiveCfg = Release|Any CPU
		{D14414F7-BC49-4972-BD6C-94E4530EA4F0}.Release|Any CPU.Build.0 = Release|Any CPU
	EndGlobalSection
	GlobalSection(SolutionProperties) = preSolution
		HideSolutionNode = FALSE
	EndGlobalSection
	GlobalSection(ExtensibilityGlobals) = postSolution
		SolutionGuid = {D5F15484-7770-49B5-B3BE-CC0F305C8C92}
	EndGlobalSection
EndGlobal
